
Microsoft Visual Studio Solution File, Format Version 12.00
# Visual Studio Version 16
VisualStudioVersion = 16.0.28531.58
MinimumVisualStudioVersion = 10.0.40219.1
Project("{FAE04EC0-301F-11D3-BF4B-00C04F79EFBC}") = "Kubernetes2", "Kubernetes2\Kubernetes2.csproj", "{ACF9C661-247E-441F-8F4F-2A81B0E8DAFB}"
EndProject
Global
	GlobalSection(SolutionConfigurationPlatforms) = preSolution
		Debug|Any CPU = Debug|Any CPU
		Release|Any CPU = Release|Any CPU
	EndGlobalSection
	GlobalSection(ProjectConfigurationPlatforms) = postSolution
		{ACF9C661-247E-441F-8F4F-2A81B0E8DAFB}.Debug|Any CPU.ActiveCfg = Debug|Any CPU
		{ACF9C661-247E-441F-8F4F-2A81B0E8DAFB}.Debug|Any CPU.Build.0 = Debug|Any CPU
		{ACF9C661-247E-441F-8F4F-2A81B0E8DAFB}.Release|Any CPU.ActiveCfg = Release|Any CPU
		{ACF9C661-247E-441F-8F4F-2A81B0E8DAFB}.Release|Any CPU.Build.0 = Release|Any CPU
	EndGlobalSection
	GlobalSection(SolutionProperties) = preSolution
		HideSolutionNode = FALSE
	EndGlobalSection
	GlobalSection(ExtensibilityGlobals) = postSolution
		SolutionGuid = {5F043E0C-D0EA-4CC9-B930-3029A1C12746}
	EndGlobalSection
EndGlobal
